{
  "version": 4,
  "terraform_version": "0.14.4",
  "serial": 83,
  "lineage": "a309be51-71b5-dcd7-2015-101f761265d1",
  "outputs": {},
  "resources": [
    {
      "mode": "data",
      "type": "external",
      "name": "iwo_token",
      "provider": "provider[\"registry.terraform.io/hashicorp/external\"]",
      "instances": [
        {
          "schema_version": 0,
          "attributes": {
            "id": "-",
            "program": [
              "bash",
              "../iwo/register.sh"
            ],
            "query": {
              "proxy_host": "calo-rtp-proxy.cisco.com",
              "proxy_port": "3128"
            },
            "result": {
              "id": "616aa0f5-0fed-42e3-8bfb-1387f66b43de",
              "pod": "iwok8scollector-667bc8ff4c-27zgt",
              "token": "9487DDD1066F"
            },
            "working_dir": null
          },
          "sensitive_attributes": []
        }
      ]
    },
    {
      "mode": "managed",
      "type": "helm_release",
      "name": "app",
      "provider": "provider[\"registry.terraform.io/hashicorp/helm\"]",
      "instances": [
        {
          "index_key": 0,
          "schema_version": 0,
          "attributes": {
            "atomic": false,
            "chart": "../app_main/helm",
            "cleanup_on_fail": false,
            "create_namespace": false,
            "dependency_update": false,
            "description": null,
            "devel": null,
            "disable_crd_hooks": false,
            "disable_openapi_validation": false,
            "disable_webhooks": false,
            "force_update": false,
            "id": "app",
            "keyring": null,
            "lint": false,
            "max_history": 0,
            "metadata": [
              {
                "app_version": "1.0.0",
                "chart": "cloud-native-brewery",
                "name": "app",
                "namespace": "app",
                "revision": 1,
                "values": "{\"adminfile_appd\":\"Admin\",\"adminfile_name\":\"adminfile\",\"adminfile_tech\":\"nginx\",\"adminfile_version\":\"dev\",\"appd_account_name\":\"ceer\",\"appd_browserapp_beaconurl\":\"fra-col.eum-appdynamics.com\",\"appd_browserapp_key\":\"EC-AAB-MRH\",\"appd_controller_hostname\":\"ceer.saas.appdynamics.com\",\"appd_controller_key\":\"3gnmajormowm\",\"appd_controller_port\":443,\"appd_controller_ssl\":true,\"appd_dbagent_version\":\"dev\",\"appd_ext_version\":\"dev\",\"appd_global_account\":\"ceer_a5109a9d-85dd-4feb-9185-4da576c211d7\",\"appd_password\":\"mimaurer\",\"appd_username\":\"mimaurer\",\"appname\":\"brewery\",\"extpayment_svc\":\"payment.ext\",\"extprod_svc\":\"production.automation\",\"fulfilment_appd\":\"Fulfilment\",\"fulfilment_name\":\"fulfilment\",\"fulfilment_tech\":\"python\",\"fulfilment_version\":\"dev\",\"initqueue_name\":\"orderqueue\",\"initqueue_tech\":\"activemq\",\"initqueue_version\":\"dev\",\"inventorydb_appd\":\"InventoryDB\",\"inventorydb_name\":\"inventorydb\",\"inventorydb_tech\":\"mariadb\",\"inventorydb_version\":\"dev\",\"notification_appd\":\"Notification\",\"notification_name\":\"notification\",\"notification_tech\":\"java\",\"notification_version\":\"dev\",\"order_appd\":\"Order\",\"order_name\":\"order\",\"order_tech\":\"python\",\"order_version\":\"dev\",\"orderfile_appd\":\"Webserver\",\"orderfile_name\":\"orderfile\",\"orderfile_tech\":\"apache\",\"orderfile_version\":\"dev\",\"orderprocessing_appd\":\"OrderProcessing\",\"orderprocessing_cpulimit\":\"250m\",\"orderprocessing_cpurequest\":\"20m\",\"orderprocessing_memlimit\":\"280Mi\",\"orderprocessing_memrequest\":\"80Mi\",\"orderprocessing_name\":\"orderprocessing\",\"orderprocessing_tech\":\"php\",\"orderprocessing_version\":\"dev\",\"payment_appd\":\"Payment\",\"payment_lagspike_percentage\":\"0.01\",\"payment_max_random_delay\":1000,\"payment_min_random_delay\":0,\"payment_name\":\"payment\",\"payment_tech\":\"nodejs\",\"payment_version\":\"dev\",\"prodrequest_appd\":\"ProdRequest\",\"prodrequest_name\":\"prodrequest\",\"prodrequest_tech\":\"java\",\"prodrequest_version\":\"dev\",\"production_appd\":\"Production\",\"production_name\":\"production\",\"production_tech\":\"python\",\"production_version\":\"dev\",\"proxy_host\":\"calo-rtp-proxy.cisco.com\",\"proxy_port\":3128,\"registry\":\"mimaurer\",\"storageclass_name\":\"standard\"}",
                "version": "1.0.0"
              }
            ],
            "name": "app",
            "namespace": "app",
            "postrender": [],
            "recreate_pods": false,
            "render_subchart_notes": true,
            "replace": false,
            "repository": null,
            "repository_ca_file": null,
            "repository_cert_file": null,
            "repository_key_file": null,
            "repository_password": null,
            "repository_username": null,
            "reset_values": false,
            "reuse_values": false,
            "set": [
              {
                "name": "adminfile_appd",
                "type": "",
                "value": "Admin"
              },
              {
                "name": "adminfile_name",
                "type": "",
                "value": "adminfile"
              },
              {
                "name": "adminfile_tech",
                "type": "",
                "value": "nginx"
              },
              {
                "name": "adminfile_version",
                "type": "",
                "value": "dev"
              },
              {
                "name": "appd_account_name",
                "type": "",
                "value": "ceer"
              },
              {
                "name": "appd_browserapp_beaconurl",
                "type": "",
                "value": "fra-col.eum-appdynamics.com"
              },
              {
                "name": "appd_browserapp_key",
                "type": "",
                "value": "EC-AAB-MRH"
              },
              {
                "name": "appd_controller_hostname",
                "type": "",
                "value": "ceer.saas.appdynamics.com"
              },
              {
                "name": "appd_controller_key",
                "type": "",
                "value": "3gnmajormowm"
              },
              {
                "name": "appd_controller_port",
                "type": "",
                "value": "443"
              },
              {
                "name": "appd_controller_ssl",
                "type": "",
                "value": "true"
              },
              {
                "name": "appd_dbagent_version",
                "type": "",
                "value": "dev"
              },
              {
                "name": "appd_ext_version",
                "type": "",
                "value": "dev"
              },
              {
                "name": "appd_global_account",
                "type": "",
                "value": "ceer_a5109a9d-85dd-4feb-9185-4da576c211d7"
              },
              {
                "name": "appd_password",
                "type": "",
                "value": "mimaurer"
              },
              {
                "name": "appd_username",
                "type": "",
                "value": "mimaurer"
              },
              {
                "name": "appname",
                "type": "",
                "value": "brewery"
              },
              {
                "name": "extpayment_svc",
                "type": "",
                "value": "payment.ext"
              },
              {
                "name": "extprod_svc",
                "type": "",
                "value": "production.automation"
              },
              {
                "name": "fulfilment_appd",
                "type": "",
                "value": "Fulfilment"
              },
              {
                "name": "fulfilment_name",
                "type": "",
                "value": "fulfilment"
              },
              {
                "name": "fulfilment_tech",
                "type": "",
                "value": "python"
              },
              {
                "name": "fulfilment_version",
                "type": "",
                "value": "dev"
              },
              {
                "name": "initqueue_name",
                "type": "",
                "value": "orderqueue"
              },
              {
                "name": "initqueue_tech",
                "type": "",
                "value": "activemq"
              },
              {
                "name": "initqueue_version",
                "type": "",
                "value": "dev"
              },
              {
                "name": "inventorydb_appd",
                "type": "",
                "value": "InventoryDB"
              },
              {
                "name": "inventorydb_name",
                "type": "",
                "value": "inventorydb"
              },
              {
                "name": "inventorydb_tech",
                "type": "",
                "value": "mariadb"
              },
              {
                "name": "inventorydb_version",
                "type": "",
                "value": "dev"
              },
              {
                "name": "notification_appd",
                "type": "",
                "value": "Notification"
              },
              {
                "name": "notification_name",
                "type": "",
                "value": "notification"
              },
              {
                "name": "notification_tech",
                "type": "",
                "value": "java"
              },
              {
                "name": "notification_version",
                "type": "",
                "value": "dev"
              },
              {
                "name": "order_appd",
                "type": "",
                "value": "Order"
              },
              {
                "name": "order_name",
                "type": "",
                "value": "order"
              },
              {
                "name": "order_tech",
                "type": "",
                "value": "python"
              },
              {
                "name": "order_version",
                "type": "",
                "value": "dev"
              },
              {
                "name": "orderfile_appd",
                "type": "",
                "value": "Webserver"
              },
              {
                "name": "orderfile_name",
                "type": "",
                "value": "orderfile"
              },
              {
                "name": "orderfile_tech",
                "type": "",
                "value": "apache"
              },
              {
                "name": "orderfile_version",
                "type": "",
                "value": "dev"
              },
              {
                "name": "orderprocessing_appd",
                "type": "",
                "value": "OrderProcessing"
              },
              {
                "name": "orderprocessing_cpulimit",
                "type": "",
                "value": "250m"
              },
              {
                "name": "orderprocessing_cpurequest",
                "type": "",
                "value": "20m"
              },
              {
                "name": "orderprocessing_memlimit",
                "type": "",
                "value": "280Mi"
              },
              {
                "name": "orderprocessing_memrequest",
                "type": "",
                "value": "80Mi"
              },
              {
                "name": "orderprocessing_name",
                "type": "",
                "value": "orderprocessing"
              },
              {
                "name": "orderprocessing_tech",
                "type": "",
                "value": "php"
              },
              {
                "name": "orderprocessing_version",
                "type": "",
                "value": "dev"
              },
              {
                "name": "payment_appd",
                "type": "",
                "value": "Payment"
              },
              {
                "name": "payment_lagspike_percentage",
                "type": "",
                "value": "0.01"
              },
              {
                "name": "payment_max_random_delay",
                "type": "",
                "value": "1000"
              },
              {
                "name": "payment_min_random_delay",
                "type": "",
                "value": "0"
              },
              {
                "name": "payment_name",
                "type": "",
                "value": "payment"
              },
              {
                "name": "payment_tech",
                "type": "",
                "value": "nodejs"
              },
              {
                "name": "payment_version",
                "type": "",
                "value": "dev"
              },
              {
                "name": "prodrequest_appd",
                "type": "",
                "value": "ProdRequest"
              },
              {
                "name": "prodrequest_name",
                "type": "",
                "value": "prodrequest"
              },
              {
                "name": "prodrequest_tech",
                "type": "",
                "value": "java"
              },
              {
                "name": "prodrequest_version",
                "type": "",
                "value": "dev"
              },
              {
                "name": "production_appd",
                "type": "",
                "value": "Production"
              },
              {
                "name": "production_name",
                "type": "",
                "value": "production"
              },
              {
                "name": "production_tech",
                "type": "",
                "value": "python"
              },
              {
                "name": "production_version",
                "type": "",
                "value": "dev"
              },
              {
                "name": "proxy_host",
                "type": "",
                "value": "calo-rtp-proxy.cisco.com"
              },
              {
                "name": "proxy_port",
                "type": "",
                "value": "3128"
              },
              {
                "name": "registry",
                "type": "",
                "value": "mimaurer"
              },
              {
                "name": "storageclass_name",
                "type": "",
                "value": "standard"
              }
            ],
            "set_sensitive": [],
            "skip_crds": false,
            "status": "deployed",
            "timeout": 300,
            "values": null,
            "verify": false,
            "version": "1.0.0",
            "wait": true
          },
          "sensitive_attributes": [],
          "private": "bnVsbA==",
          "dependencies": [
            "kubernetes_namespace.app"
          ]
        }
      ]
    },
    {
      "mode": "managed",
      "type": "helm_release",
      "name": "appdynamics",
      "provider": "provider[\"registry.terraform.io/hashicorp/helm\"]",
      "instances": [
        {
          "index_key": 0,
          "schema_version": 0,
          "attributes": {
            "atomic": false,
            "chart": "../appdynamics/helm",
            "cleanup_on_fail": false,
            "create_namespace": false,
            "dependency_update": false,
            "description": null,
            "devel": null,
            "disable_crd_hooks": false,
            "disable_openapi_validation": false,
            "disable_webhooks": false,
            "force_update": false,
            "id": "appd",
            "keyring": null,
            "lint": false,
            "max_history": 0,
            "metadata": [
              {
                "app_version": "1.0.0",
                "chart": "cloud-native-brewery-appd",
                "name": "appd",
                "namespace": "appdynamics",
                "revision": 1,
                "values": "{\"appd_account_name\":\"ceer\",\"appd_controller_hostname\":\"ceer.saas.appdynamics.com\",\"appd_controller_key\":\"3gnmajormowm\",\"appd_controller_port\":443,\"appd_controller_ssl\":true,\"appd_global_account\":\"ceer_a5109a9d-85dd-4feb-9185-4da576c211d7\",\"appd_password\":\"mimaurer\",\"appd_username\":\"mimaurer\",\"appname\":\"brewery\",\"dbagent_version\":\"dev\",\"ns_to_monitor\":[\"kube-system\",\"app\",\"ext\",\"automation\",\"world\",\"clusterload\"],\"proxy_host\":\"calo-rtp-proxy.cisco.com\",\"proxy_port\":3128,\"proxy_url\":\"http://calo-rtp-proxy.cisco.com:3128\",\"registry\":\"mimaurer\"}",
                "version": "1.0.0"
              }
            ],
            "name": "appd",
            "namespace": "appdynamics",
            "postrender": [],
            "recreate_pods": false,
            "render_subchart_notes": true,
            "replace": false,
            "repository": null,
            "repository_ca_file": null,
            "repository_cert_file": null,
            "repository_key_file": null,
            "repository_password": null,
            "repository_username": null,
            "reset_values": false,
            "reuse_values": false,
            "set": [
              {
                "name": "appd_account_name",
                "type": "",
                "value": "ceer"
              },
              {
                "name": "appd_controller_hostname",
                "type": "",
                "value": "ceer.saas.appdynamics.com"
              },
              {
                "name": "appd_controller_key",
                "type": "",
                "value": "3gnmajormowm"
              },
              {
                "name": "appd_controller_port",
                "type": "",
                "value": "443"
              },
              {
                "name": "appd_controller_ssl",
                "type": "",
                "value": "true"
              },
              {
                "name": "appd_global_account",
                "type": "",
                "value": "ceer_a5109a9d-85dd-4feb-9185-4da576c211d7"
              },
              {
                "name": "appd_password",
                "type": "",
                "value": "mimaurer"
              },
              {
                "name": "appd_username",
                "type": "",
                "value": "mimaurer"
              },
              {
                "name": "appname",
                "type": "",
                "value": "brewery"
              },
              {
                "name": "dbagent_version",
                "type": "",
                "value": "dev"
              },
              {
                "name": "ns_to_monitor",
                "type": "",
                "value": "{kube-system,app,ext,automation,world,clusterload}"
              },
              {
                "name": "proxy_host",
                "type": "",
                "value": "calo-rtp-proxy.cisco.com"
              },
              {
                "name": "proxy_port",
                "type": "",
                "value": "3128"
              },
              {
                "name": "proxy_url",
                "type": "",
                "value": "http://calo-rtp-proxy.cisco.com:3128"
              },
              {
                "name": "registry",
                "type": "",
                "value": "mimaurer"
              }
            ],
            "set_sensitive": [],
            "skip_crds": false,
            "status": "deployed",
            "timeout": 300,
            "values": null,
            "verify": false,
            "version": "1.0.0",
            "wait": true
          },
          "sensitive_attributes": [],
          "private": "bnVsbA==",
          "dependencies": [
            "kubernetes_namespace.appdynamics"
          ]
        }
      ]
    },
    {
      "mode": "managed",
      "type": "helm_release",
      "name": "extpayment",
      "provider": "provider[\"registry.terraform.io/hashicorp/helm\"]",
      "instances": [
        {
          "index_key": 0,
          "schema_version": 0,
          "attributes": {
            "atomic": false,
            "chart": "../app_extpayment/helm",
            "cleanup_on_fail": false,
            "create_namespace": false,
            "dependency_update": false,
            "description": null,
            "devel": null,
            "disable_crd_hooks": false,
            "disable_openapi_validation": false,
            "disable_webhooks": false,
            "force_update": false,
            "id": "extpayment",
            "keyring": null,
            "lint": false,
            "max_history": 0,
            "metadata": [
              {
                "app_version": "1.0.0",
                "chart": "cloud-native-brewery-extpayment",
                "name": "extpayment",
                "namespace": "ext",
                "revision": 1,
                "values": "{\"lagspike_percentage\":\"0.01\",\"max_random_delay\":1000,\"min_random_delay\":0,\"name\":\"payment\",\"registry\":\"mimaurer\",\"replicas\":1,\"tech\":\"python\",\"version\":\"dev\"}",
                "version": "1.0.0"
              }
            ],
            "name": "extpayment",
            "namespace": "ext",
            "postrender": [],
            "recreate_pods": false,
            "render_subchart_notes": true,
            "replace": false,
            "repository": null,
            "repository_ca_file": null,
            "repository_cert_file": null,
            "repository_key_file": null,
            "repository_password": null,
            "repository_username": null,
            "reset_values": false,
            "reuse_values": false,
            "set": [
              {
                "name": "lagspike_percentage",
                "type": "",
                "value": "0.01"
              },
              {
                "name": "max_random_delay",
                "type": "",
                "value": "1000"
              },
              {
                "name": "min_random_delay",
                "type": "",
                "value": "0"
              },
              {
                "name": "name",
                "type": "",
                "value": "payment"
              },
              {
                "name": "registry",
                "type": "",
                "value": "mimaurer"
              },
              {
                "name": "replicas",
                "type": "",
                "value": "1"
              },
              {
                "name": "tech",
                "type": "",
                "value": "python"
              },
              {
                "name": "version",
                "type": "",
                "value": "dev"
              }
            ],
            "set_sensitive": [],
            "skip_crds": false,
            "status": "deployed",
            "timeout": 300,
            "values": null,
            "verify": false,
            "version": "1.0.0",
            "wait": true
          },
          "sensitive_attributes": [],
          "private": "bnVsbA==",
          "dependencies": [
            "kubernetes_namespace.extpayment"
          ]
        }
      ]
    },
    {
      "mode": "managed",
      "type": "helm_release",
      "name": "extprod",
      "provider": "provider[\"registry.terraform.io/hashicorp/helm\"]",
      "instances": [
        {
          "index_key": 0,
          "schema_version": 0,
          "attributes": {
            "atomic": false,
            "chart": "../app_extprod/helm",
            "cleanup_on_fail": false,
            "create_namespace": false,
            "dependency_update": false,
            "description": null,
            "devel": null,
            "disable_crd_hooks": false,
            "disable_openapi_validation": false,
            "disable_webhooks": false,
            "force_update": false,
            "id": "extprod",
            "keyring": null,
            "lint": false,
            "max_history": 0,
            "metadata": [
              {
                "app_version": "1.0.0",
                "chart": "cloud-native-brewery-extprod",
                "name": "extprod",
                "namespace": "automation",
                "revision": 1,
                "values": "{\"job_max_delay\":360,\"job_min_delay\":240,\"max_delay\":250,\"min_delay\":50,\"name\":\"production\",\"production_svc\":\"brewery-production.app.svc\",\"registry\":\"mimaurer\",\"replicas\":1,\"tech\":\"python\",\"version\":\"dev\"}",
                "version": "1.0.0"
              }
            ],
            "name": "extprod",
            "namespace": "automation",
            "postrender": [],
            "recreate_pods": false,
            "render_subchart_notes": true,
            "replace": false,
            "repository": null,
            "repository_ca_file": null,
            "repository_cert_file": null,
            "repository_key_file": null,
            "repository_password": null,
            "repository_username": null,
            "reset_values": false,
            "reuse_values": false,
            "set": [
              {
                "name": "job_max_delay",
                "type": "",
                "value": "360"
              },
              {
                "name": "job_min_delay",
                "type": "",
                "value": "240"
              },
              {
                "name": "max_delay",
                "type": "",
                "value": "250"
              },
              {
                "name": "min_delay",
                "type": "",
                "value": "50"
              },
              {
                "name": "name",
                "type": "",
                "value": "production"
              },
              {
                "name": "production_svc",
                "type": "",
                "value": "brewery-production.app.svc"
              },
              {
                "name": "registry",
                "type": "",
                "value": "mimaurer"
              },
              {
                "name": "replicas",
                "type": "",
                "value": "1"
              },
              {
                "name": "tech",
                "type": "",
                "value": "python"
              },
              {
                "name": "version",
                "type": "",
                "value": "dev"
              }
            ],
            "set_sensitive": [],
            "skip_crds": false,
            "status": "deployed",
            "timeout": 300,
            "values": null,
            "verify": false,
            "version": "1.0.0",
            "wait": true
          },
          "sensitive_attributes": [],
          "private": "bnVsbA==",
          "dependencies": [
            "kubernetes_namespace.extprod"
          ]
        }
      ]
    },
    {
      "mode": "managed",
      "type": "helm_release",
      "name": "hxcsi",
      "provider": "provider[\"registry.terraform.io/hashicorp/helm\"]",
      "instances": [
        {
          "index_key": 0,
          "schema_version": 0,
          "attributes": {
            "atomic": false,
            "chart": "../hx_csi/helm",
            "cleanup_on_fail": false,
            "create_namespace": false,
            "dependency_update": false,
            "description": null,
            "devel": null,
            "disable_crd_hooks": false,
            "disable_openapi_validation": false,
            "disable_webhooks": false,
            "force_update": false,
            "id": "hxcsi",
            "keyring": null,
            "lint": false,
            "max_history": 0,
            "metadata": [
              {
                "app_version": "1.0.0",
                "chart": "cloud-native-brewery-hxcsi",
                "name": "hxcsi",
                "namespace": "hx",
                "revision": 1,
                "values": "null",
                "version": "1.0.0"
              }
            ],
            "name": "hxcsi",
            "namespace": "hx",
            "postrender": [],
            "recreate_pods": false,
            "render_subchart_notes": true,
            "replace": false,
            "repository": null,
            "repository_ca_file": null,
            "repository_cert_file": null,
            "repository_key_file": null,
            "repository_password": null,
            "repository_username": null,
            "reset_values": false,
            "reuse_values": false,
            "set": [],
            "set_sensitive": [],
            "skip_crds": false,
            "status": "deployed",
            "timeout": 300,
            "values": null,
            "verify": false,
            "version": "1.0.0",
            "wait": true
          },
          "sensitive_attributes": [],
          "private": "bnVsbA==",
          "dependencies": [
            "kubernetes_namespace.hxcsi"
          ]
        }
      ]
    },
    {
      "mode": "managed",
      "type": "helm_release",
      "name": "observability",
      "provider": "provider[\"registry.terraform.io/hashicorp/helm\"]",
      "instances": [
        {
          "index_key": 0,
          "schema_version": 0,
          "attributes": {
            "atomic": false,
            "chart": "../observability/helm",
            "cleanup_on_fail": false,
            "create_namespace": false,
            "dependency_update": false,
            "description": null,
            "devel": null,
            "disable_crd_hooks": false,
            "disable_openapi_validation": false,
            "disable_webhooks": false,
            "force_update": false,
            "id": "observability",
            "keyring": null,
            "lint": false,
            "max_history": 0,
            "metadata": [
              {
                "app_version": "1.0.0",
                "chart": "cloud-native-brewery-observability",
                "name": "observability",
                "namespace": "observability",
                "revision": 1,
                "values": "null",
                "version": "1.0.0"
              }
            ],
            "name": "observability",
            "namespace": "observability",
            "postrender": [],
            "recreate_pods": false,
            "render_subchart_notes": true,
            "replace": false,
            "repository": null,
            "repository_ca_file": null,
            "repository_cert_file": null,
            "repository_key_file": null,
            "repository_password": null,
            "repository_username": null,
            "reset_values": false,
            "reuse_values": false,
            "set": [],
            "set_sensitive": [],
            "skip_crds": false,
            "status": "deployed",
            "timeout": 300,
            "values": null,
            "verify": false,
            "version": "1.0.0",
            "wait": true
          },
          "sensitive_attributes": [],
          "private": "bnVsbA==",
          "dependencies": [
            "kubernetes_namespace.observability"
          ]
        }
      ]
    },
    {
      "mode": "managed",
      "type": "helm_release",
      "name": "stealthwatch",
      "provider": "provider[\"registry.terraform.io/hashicorp/helm\"]",
      "instances": [
        {
          "index_key": 0,
          "schema_version": 0,
          "attributes": {
            "atomic": false,
            "chart": "../stealthwatch_cloud/helm",
            "cleanup_on_fail": false,
            "create_namespace": false,
            "dependency_update": false,
            "description": null,
            "devel": null,
            "disable_crd_hooks": false,
            "disable_openapi_validation": false,
            "disable_webhooks": false,
            "force_update": false,
            "id": "stealthwatch",
            "keyring": null,
            "lint": false,
            "max_history": 0,
            "metadata": [
              {
                "app_version": "1.0.0",
                "chart": "cloud-native-brewery-swc",
                "name": "stealthwatch",
                "namespace": "swc",
                "revision": 1,
                "values": "{\"stlth_service_key\":\"VUxoajZhNmsyQVVGc0hLTmNPMHRoNlR1WFVCbmpFeldXTmt2SUlFN2ZWZVNKTWRNWWw=\"}",
                "version": "1.0.0"
              }
            ],
            "name": "stealthwatch",
            "namespace": "swc",
            "postrender": [],
            "recreate_pods": false,
            "render_subchart_notes": true,
            "replace": false,
            "repository": null,
            "repository_ca_file": null,
            "repository_cert_file": null,
            "repository_key_file": null,
            "repository_password": null,
            "repository_username": null,
            "reset_values": false,
            "reuse_values": false,
            "set": [
              {
                "name": "stlth_service_key",
                "type": "",
                "value": "VUxoajZhNmsyQVVGc0hLTmNPMHRoNlR1WFVCbmpFeldXTmt2SUlFN2ZWZVNKTWRNWWw="
              }
            ],
            "set_sensitive": [],
            "skip_crds": false,
            "status": "deployed",
            "timeout": 300,
            "values": null,
            "verify": false,
            "version": "1.0.0",
            "wait": true
          },
          "sensitive_attributes": [],
          "private": "bnVsbA==",
          "dependencies": [
            "kubernetes_namespace.stealthwatch"
          ]
        }
      ]
    },
    {
      "mode": "managed",
      "type": "helm_release",
      "name": "trafficgen",
      "provider": "provider[\"registry.terraform.io/hashicorp/helm\"]",
      "instances": [
        {
          "index_key": 0,
          "schema_version": 0,
          "attributes": {
            "atomic": false,
            "chart": "../trafficgen/helm",
            "cleanup_on_fail": false,
            "create_namespace": false,
            "dependency_update": false,
            "description": null,
            "devel": null,
            "disable_crd_hooks": false,
            "disable_openapi_validation": false,
            "disable_webhooks": false,
            "force_update": false,
            "id": "trafficgen",
            "keyring": null,
            "lint": false,
            "max_history": 0,
            "metadata": [
              {
                "app_version": "1.0.0",
                "chart": "cloud-native-brewery-trafficgen",
                "name": "trafficgen",
                "namespace": "trafficgen",
                "revision": 1,
                "values": "{\"app_endpoint\":\"ingress-nginx-controller.ccp\",\"max_random_delay\":60,\"min_random_delay\":0,\"name\":\"trafficgen\",\"registry\":\"mimaurer\",\"replicas\":10,\"version\":\"dev\"}",
                "version": "1.0.0"
              }
            ],
            "name": "trafficgen",
            "namespace": "trafficgen",
            "postrender": [],
            "recreate_pods": false,
            "render_subchart_notes": true,
            "replace": false,
            "repository": null,
            "repository_ca_file": null,
            "repository_cert_file": null,
            "repository_key_file": null,
            "repository_password": null,
            "repository_username": null,
            "reset_values": false,
            "reuse_values": false,
            "set": [
              {
                "name": "app_endpoint",
                "type": "",
                "value": "ingress-nginx-controller.ccp"
              },
              {
                "name": "max_random_delay",
                "type": "",
                "value": "60"
              },
              {
                "name": "min_random_delay",
                "type": "",
                "value": "0"
              },
              {
                "name": "name",
                "type": "",
                "value": "trafficgen"
              },
              {
                "name": "registry",
                "type": "",
                "value": "mimaurer"
              },
              {
                "name": "replicas",
                "type": "",
                "value": "10"
              },
              {
                "name": "version",
                "type": "",
                "value": "dev"
              }
            ],
            "set_sensitive": [],
            "skip_crds": false,
            "status": "deployed",
            "timeout": 300,
            "values": null,
            "verify": false,
            "version": "1.0.0",
            "wait": true
          },
          "sensitive_attributes": [],
          "private": "bnVsbA==",
          "dependencies": [
            "helm_release.app",
            "kubernetes_namespace.app",
            "kubernetes_namespace.trafficgen"
          ]
        }
      ]
    },
    {
      "mode": "managed",
      "type": "helm_release",
      "name": "world_app",
      "provider": "provider[\"registry.terraform.io/hashicorp/helm\"]",
      "instances": [
        {
          "index_key": 0,
          "schema_version": 0,
          "attributes": {
            "atomic": false,
            "chart": "../world_app/world-app-helm",
            "cleanup_on_fail": false,
            "create_namespace": false,
            "dependency_update": false,
            "description": null,
            "devel": null,
            "disable_crd_hooks": false,
            "disable_openapi_validation": false,
            "disable_webhooks": false,
            "force_update": false,
            "id": "worldapp",
            "keyring": null,
            "lint": false,
            "max_history": 0,
            "metadata": [
              {
                "app_version": "1.0.0",
                "chart": "world-app",
                "name": "worldapp",
                "namespace": "world",
                "revision": 1,
                "values": "{}",
                "version": "1.0.0"
              }
            ],
            "name": "worldapp",
            "namespace": "world",
            "postrender": [],
            "recreate_pods": false,
            "render_subchart_notes": true,
            "replace": false,
            "repository": null,
            "repository_ca_file": null,
            "repository_cert_file": null,
            "repository_key_file": null,
            "repository_password": null,
            "repository_username": null,
            "reset_values": false,
            "reuse_values": false,
            "set": [],
            "set_sensitive": [],
            "skip_crds": false,
            "status": "deployed",
            "timeout": 300,
            "values": null,
            "verify": false,
            "version": "1.0.0",
            "wait": true
          },
          "sensitive_attributes": [],
          "private": "bnVsbA==",
          "dependencies": [
            "kubernetes_namespace.world"
          ]
        }
      ]
    },
    {
      "mode": "managed",
      "type": "kubernetes_cluster_role_binding",
      "name": "iwo-all-binding",
      "provider": "provider[\"registry.terraform.io/hashicorp/kubernetes\"]",
      "instances": [
        {
          "index_key": 0,
          "schema_version": 0,
          "attributes": {
            "id": "iwo-all-binding",
            "metadata": [
              {
                "annotations": {},
                "generation": 0,
                "labels": {},
                "name": "iwo-all-binding",
                "resource_version": "3107466",
                "self_link": "",
                "uid": "6a660638-4a17-42ab-ac71-fa960f0799b9"
              }
            ],
            "role_ref": [
              {
                "api_group": "rbac.authorization.k8s.io",
                "kind": "ClusterRole",
                "name": "cluster-admin"
              }
            ],
            "subject": [
              {
                "api_group": "",
                "kind": "ServiceAccount",
                "name": "iwo-user",
                "namespace": "iwo"
              }
            ]
          },
          "sensitive_attributes": [],
          "private": "bnVsbA==",
          "dependencies": [
            "kubernetes_namespace.iwo",
            "kubernetes_service_account.iwo-user"
          ]
        }
      ]
    },
    {
      "mode": "managed",
      "type": "kubernetes_config_map",
      "name": "iwo-config",
      "provider": "provider[\"registry.terraform.io/hashicorp/kubernetes\"]",
      "instances": [
        {
          "index_key": 0,
          "schema_version": 0,
          "attributes": {
            "binary_data": {},
            "data": {
              "iwo.config": "    {\n      \"communicationConfig\": {\n        \"serverMeta\": {\n          \"proxy\": \"http://localhost:9004\",\n          \"version\": \"8\",\n          \"turboServer\": \"http://topology-processor:8080\"\n        }\n      },\n      \"HANodeConfig\": {\n        \"nodeRoles\": [\"master\"]\n      },\n      \"targetConfig\": {\n        \"targetName\":\"brewery-cluster\"\n      }\n    }\n"
            },
            "id": "iwo/iwo-config",
            "metadata": [
              {
                "annotations": {},
                "generate_name": "",
                "generation": 0,
                "labels": {},
                "name": "iwo-config",
                "namespace": "iwo",
                "resource_version": "3107252",
                "self_link": "",
                "uid": "2601d150-d928-46f5-aa60-8b8af14461cb"
              }
            ]
          },
          "sensitive_attributes": [],
          "private": "bnVsbA==",
          "dependencies": [
            "kubernetes_namespace.iwo"
          ]
        }
      ]
    },
    {
      "mode": "managed",
      "type": "kubernetes_deployment",
      "name": "clusterload",
      "provider": "provider[\"registry.terraform.io/hashicorp/kubernetes\"]",
      "instances": [
        {
          "index_key": "clusterload",
          "schema_version": 1,
          "attributes": {
            "id": "clusterload/clusterload",
            "metadata": [
              {
                "annotations": {},
                "generate_name": "",
                "generation": 1,
                "labels": {
                  "app": "clusterload"
                },
                "name": "clusterload",
                "namespace": "clusterload",
                "resource_version": "3107732",
                "self_link": "",
                "uid": "6dd078ab-57d4-47f0-82af-c40939c9dee0"
              }
            ],
            "spec": [
              {
                "min_ready_seconds": 0,
                "paused": false,
                "progress_deadline_seconds": 600,
                "replicas": "1",
                "revision_history_limit": 10,
                "selector": [
                  {
                    "match_expressions": [],
                    "match_labels": {
                      "app": "clusterload"
                    }
                  }
                ],
                "strategy": [
                  {
                    "rolling_update": [
                      {
                        "max_surge": "25%",
                        "max_unavailable": "25%"
                      }
                    ],
                    "type": "RollingUpdate"
                  }
                ],
                "template": [
                  {
                    "metadata": [
                      {
                        "annotations": {},
                        "generate_name": "",
                        "generation": 0,
                        "labels": {
                          "app": "clusterload"
                        },
                        "name": "",
                        "namespace": "",
                        "resource_version": "",
                        "self_link": "",
                        "uid": ""
                      }
                    ],
                    "spec": [
                      {
                        "active_deadline_seconds": 0,
                        "affinity": [],
                        "automount_service_account_token": true,
                        "container": [
                          {
                            "args": [],
                            "command": [],
                            "env": [
                              {
                                "name": "RUN_TYPE",
                                "value": "cpu",
                                "value_from": []
                              },
                              {
                                "name": "CPU_PERCENT",
                                "value": "10",
                                "value_from": []
                              }
                            ],
                            "env_from": [],
                            "image": "beekman9527/cpumemload:latest",
                            "image_pull_policy": "Always",
                            "lifecycle": [],
                            "liveness_probe": [],
                            "name": "cpuload",
                            "port": [],
                            "readiness_probe": [],
                            "resources": [
                              {
                                "limits": {
                                  "cpu": "250m",
                                  "memory": "128Mi"
                                },
                                "requests": {
                                  "cpu": "240m",
                                  "memory": "100Mi"
                                }
                              }
                            ],
                            "security_context": [],
                            "startup_probe": [],
                            "stdin": false,
                            "stdin_once": false,
                            "termination_message_path": "/dev/termination-log",
                            "termination_message_policy": "File",
                            "tty": false,
                            "volume_mount": [],
                            "working_dir": ""
                          },
                          {
                            "args": [],
                            "command": [],
                            "env": [
                              {
                                "name": "RUN_TYPE",
                                "value": "memory",
                                "value_from": []
                              },
                              {
                                "name": "MEMORY_NUM",
                                "value": "250",
                                "value_from": []
                              }
                            ],
                            "env_from": [],
                            "image": "beekman9527/cpumemload:latest",
                            "image_pull_policy": "Always",
                            "lifecycle": [],
                            "liveness_probe": [],
                            "name": "memload",
                            "port": [],
                            "readiness_probe": [],
                            "resources": [
                              {
                                "limits": {
                                  "cpu": "1",
                                  "memory": "1Gi"
                                },
                                "requests": {
                                  "cpu": "50m",
                                  "memory": "1Gi"
                                }
                              }
                            ],
                            "security_context": [],
                            "startup_probe": [],
                            "stdin": false,
                            "stdin_once": false,
                            "termination_message_path": "/dev/termination-log",
                            "termination_message_policy": "File",
                            "tty": false,
                            "volume_mount": [],
                            "working_dir": ""
                          }
                        ],
                        "dns_config": [],
                        "dns_policy": "ClusterFirst",
                        "enable_service_links": true,
                        "host_aliases": [],
                        "host_ipc": false,
                        "host_network": false,
                        "host_pid": false,
                        "hostname": "",
                        "image_pull_secrets": [],
                        "init_container": [],
                        "node_name": "",
                        "node_selector": {},
                        "priority_class_name": "",
                        "readiness_gate": [],
                        "restart_policy": "Always",
                        "security_context": [],
                        "service_account_name": "",
                        "share_process_namespace": false,
                        "subdomain": "",
                        "termination_grace_period_seconds": 30,
                        "toleration": [],
                        "volume": []
                      }
                    ]
                  }
                ]
              }
            ],
            "timeouts": null,
            "wait_for_rollout": true
          },
          "sensitive_attributes": [],
          "private": "eyJlMmJmYjczMC1lY2FhLTExZTYtOGY4OC0zNDM2M2JjN2M0YzAiOnsiY3JlYXRlIjo2MDAwMDAwMDAwMDAsImRlbGV0ZSI6NjAwMDAwMDAwMDAwLCJ1cGRhdGUiOjYwMDAwMDAwMDAwMH0sInNjaGVtYV92ZXJzaW9uIjoiMSJ9",
          "dependencies": [
            "kubernetes_namespace.clusterload",
            "kubernetes_resource_quota.clusterload-quota"
          ]
        }
      ]
    },
    {
      "mode": "managed",
      "type": "kubernetes_deployment",
      "name": "iwok8scollector",
      "provider": "provider[\"registry.terraform.io/hashicorp/kubernetes\"]",
      "instances": [
        {
          "index_key": 0,
          "schema_version": 1,
          "attributes": {
            "id": "iwo/iwok8scollector",
            "metadata": [
              {
                "annotations": {},
                "generate_name": "",
                "generation": 1,
                "labels": {},
                "name": "iwok8scollector",
                "namespace": "iwo",
                "resource_version": "3108570",
                "self_link": "",
                "uid": "f92dc8ed-cbb2-4c84-afa3-28c9f44ac11a"
              }
            ],
            "spec": [
              {
                "min_ready_seconds": 0,
                "paused": false,
                "progress_deadline_seconds": 600,
                "replicas": "1",
                "revision_history_limit": 10,
                "selector": [
                  {
                    "match_expressions": [],
                    "match_labels": {
                      "app.kubernetes.io/name": "iwok8scollector"
                    }
                  }
                ],
                "strategy": [
                  {
                    "rolling_update": [
                      {
                        "max_surge": "25%",
                        "max_unavailable": "25%"
                      }
                    ],
                    "type": "RollingUpdate"
                  }
                ],
                "template": [
                  {
                    "metadata": [
                      {
                        "annotations": {
                          "kubeturbo.io/controllable": "false"
                        },
                        "generate_name": "",
                        "generation": 0,
                        "labels": {
                          "app.kubernetes.io/name": "iwok8scollector"
                        },
                        "name": "",
                        "namespace": "",
                        "resource_version": "",
                        "self_link": "",
                        "uid": ""
                      }
                    ],
                    "spec": [
                      {
                        "active_deadline_seconds": 0,
                        "affinity": [],
                        "automount_service_account_token": true,
                        "container": [
                          {
                            "args": [
                              "--turboconfig=/etc/iwo/iwo.config",
                              "--v=2",
                              "--kubelet-https=true",
                              "--kubelet-port=10250"
                            ],
                            "command": [],
                            "env": [],
                            "env_from": [],
                            "image": "intersight/kubeturbo:8.0.1",
                            "image_pull_policy": "IfNotPresent",
                            "lifecycle": [],
                            "liveness_probe": [],
                            "name": "iwo-k8s-collector",
                            "port": [],
                            "readiness_probe": [],
                            "resources": [
                              {
                                "limits": null,
                                "requests": null
                              }
                            ],
                            "security_context": [],
                            "startup_probe": [],
                            "stdin": false,
                            "stdin_once": false,
                            "termination_message_path": "/dev/termination-log",
                            "termination_message_policy": "File",
                            "tty": false,
                            "volume_mount": [
                              {
                                "mount_path": "/etc/iwo",
                                "mount_propagation": "None",
                                "name": "iwo-volume",
                                "read_only": true,
                                "sub_path": ""
                              },
                              {
                                "mount_path": "/var/log",
                                "mount_propagation": "None",
                                "name": "varlog",
                                "read_only": false,
                                "sub_path": ""
                              }
                            ],
                            "working_dir": ""
                          },
                          {
                            "args": [],
                            "command": [],
                            "env": [
                              {
                                "name": "PROXY_PORT",
                                "value": "9004",
                                "value_from": []
                              }
                            ],
                            "env_from": [],
                            "image": "intersight/pasadena:1.0.9-1",
                            "image_pull_policy": "IfNotPresent",
                            "lifecycle": [],
                            "liveness_probe": [],
                            "name": "iwo-k8s-dc",
                            "port": [],
                            "readiness_probe": [],
                            "resources": [
                              {
                                "limits": null,
                                "requests": null
                              }
                            ],
                            "security_context": [],
                            "startup_probe": [],
                            "stdin": false,
                            "stdin_once": false,
                            "termination_message_path": "/dev/termination-log",
                            "termination_message_policy": "File",
                            "tty": false,
                            "volume_mount": [
                              {
                                "mount_path": "/cisco/pasadena/logs",
                                "mount_propagation": "None",
                                "name": "varlog",
                                "read_only": false,
                                "sub_path": ""
                              }
                            ],
                            "working_dir": ""
                          }
                        ],
                        "dns_config": [],
                        "dns_policy": "ClusterFirst",
                        "enable_service_links": true,
                        "host_aliases": [],
                        "host_ipc": false,
                        "host_network": false,
                        "host_pid": false,
                        "hostname": "",
                        "image_pull_secrets": [
                          {
                            "name": "dockerhub.cisco.comdockerhub.cisco.com"
                          }
                        ],
                        "init_container": [],
                        "node_name": "",
                        "node_selector": {},
                        "priority_class_name": "",
                        "readiness_gate": [],
                        "restart_policy": "Always",
                        "security_context": [],
                        "service_account_name": "iwo-user",
                        "share_process_namespace": false,
                        "subdomain": "",
                        "termination_grace_period_seconds": 30,
                        "toleration": [],
                        "volume": [
                          {
                            "aws_elastic_block_store": [],
                            "azure_disk": [],
                            "azure_file": [],
                            "ceph_fs": [],
                            "cinder": [],
                            "config_map": [
                              {
                                "default_mode": "0644",
                                "items": [],
                                "name": "iwo-config",
                                "optional": false
                              }
                            ],
                            "csi": [],
                            "downward_api": [],
                            "empty_dir": [],
                            "fc": [],
                            "flex_volume": [],
                            "flocker": [],
                            "gce_persistent_disk": [],
                            "git_repo": [],
                            "glusterfs": [],
                            "host_path": [],
                            "iscsi": [],
                            "local": [],
                            "name": "iwo-volume",
                            "nfs": [],
                            "persistent_volume_claim": [],
                            "photon_persistent_disk": [],
                            "projected": [],
                            "quobyte": [],
                            "rbd": [],
                            "secret": [],
                            "vsphere_volume": []
                          },
                          {
                            "aws_elastic_block_store": [],
                            "azure_disk": [],
                            "azure_file": [],
                            "ceph_fs": [],
                            "cinder": [],
                            "config_map": [],
                            "csi": [],
                            "downward_api": [],
                            "empty_dir": [
                              {
                                "medium": "",
                                "size_limit": ""
                              }
                            ],
                            "fc": [],
                            "flex_volume": [],
                            "flocker": [],
                            "gce_persistent_disk": [],
                            "git_repo": [],
                            "glusterfs": [],
                            "host_path": [],
                            "iscsi": [],
                            "local": [],
                            "name": "varlog",
                            "nfs": [],
                            "persistent_volume_claim": [],
                            "photon_persistent_disk": [],
                            "projected": [],
                            "quobyte": [],
                            "rbd": [],
                            "secret": [],
                            "vsphere_volume": []
                          }
                        ]
                      }
                    ]
                  }
                ]
              }
            ],
            "timeouts": null,
            "wait_for_rollout": true
          },
          "sensitive_attributes": [],
          "private": "eyJlMmJmYjczMC1lY2FhLTExZTYtOGY4OC0zNDM2M2JjN2M0YzAiOnsiY3JlYXRlIjo2MDAwMDAwMDAwMDAsImRlbGV0ZSI6NjAwMDAwMDAwMDAwLCJ1cGRhdGUiOjYwMDAwMDAwMDAwMH0sInNjaGVtYV92ZXJzaW9uIjoiMSJ9",
          "dependencies": [
            "kubernetes_config_map.iwo-config",
            "kubernetes_namespace.iwo"
          ]
        }
      ]
    },
    {
      "mode": "managed",
      "type": "kubernetes_namespace",
      "name": "app",
      "provider": "provider[\"registry.terraform.io/hashicorp/kubernetes\"]",
      "instances": [
        {
          "index_key": 0,
          "schema_version": 0,
          "attributes": {
            "id": "app",
            "metadata": [
              {
                "annotations": {},
                "generate_name": "",
                "generation": 0,
                "labels": {},
                "name": "app",
                "resource_version": "3107206",
                "self_link": "",
                "uid": "6280324b-a45d-4d2b-aa63-2db4eed762a1"
              }
            ],
            "timeouts": null
          },
          "sensitive_attributes": [],
          "private": "eyJlMmJmYjczMC1lY2FhLTExZTYtOGY4OC0zNDM2M2JjN2M0YzAiOnsiZGVsZXRlIjozMDAwMDAwMDAwMDB9fQ=="
        }
      ]
    },
    {
      "mode": "managed",
      "type": "kubernetes_namespace",
      "name": "appdynamics",
      "provider": "provider[\"registry.terraform.io/hashicorp/kubernetes\"]",
      "instances": [
        {
          "index_key": 0,
          "schema_version": 0,
          "attributes": {
            "id": "appdynamics",
            "metadata": [
              {
                "annotations": {},
                "generate_name": "",
                "generation": 0,
                "labels": {},
                "name": "appdynamics",
                "resource_version": "3107210",
                "self_link": "",
                "uid": "6152625e-3bcd-4fbd-84ac-abd1d874a829"
              }
            ],
            "timeouts": null
          },
          "sensitive_attributes": [],
          "private": "eyJlMmJmYjczMC1lY2FhLTExZTYtOGY4OC0zNDM2M2JjN2M0YzAiOnsiZGVsZXRlIjozMDAwMDAwMDAwMDB9fQ=="
        }
      ]
    },
    {
      "mode": "managed",
      "type": "kubernetes_namespace",
      "name": "clusterload",
      "provider": "provider[\"registry.terraform.io/hashicorp/kubernetes\"]",
      "instances": [
        {
          "index_key": 0,
          "schema_version": 0,
          "attributes": {
            "id": "clusterload",
            "metadata": [
              {
                "annotations": {},
                "generate_name": "",
                "generation": 0,
                "labels": {},
                "name": "clusterload",
                "resource_version": "3107211",
                "self_link": "",
                "uid": "065de8c9-c134-4497-9b92-22c095cd7095"
              }
            ],
            "timeouts": null
          },
          "sensitive_attributes": [],
          "private": "eyJlMmJmYjczMC1lY2FhLTExZTYtOGY4OC0zNDM2M2JjN2M0YzAiOnsiZGVsZXRlIjozMDAwMDAwMDAwMDB9fQ=="
        }
      ]
    },
    {
      "mode": "managed",
      "type": "kubernetes_namespace",
      "name": "extpayment",
      "provider": "provider[\"registry.terraform.io/hashicorp/kubernetes\"]",
      "instances": [
        {
          "index_key": 0,
          "schema_version": 0,
          "attributes": {
            "id": "ext",
            "metadata": [
              {
                "annotations": {},
                "generate_name": "",
                "generation": 0,
                "labels": {},
                "name": "ext",
                "resource_version": "3107246",
                "self_link": "",
                "uid": "98d70735-d869-43a0-b6bc-5c7812f3ade4"
              }
            ],
            "timeouts": null
          },
          "sensitive_attributes": [],
          "private": "eyJlMmJmYjczMC1lY2FhLTExZTYtOGY4OC0zNDM2M2JjN2M0YzAiOnsiZGVsZXRlIjozMDAwMDAwMDAwMDB9fQ=="
        }
      ]
    },
    {
      "mode": "managed",
      "type": "kubernetes_namespace",
      "name": "extprod",
      "provider": "provider[\"registry.terraform.io/hashicorp/kubernetes\"]",
      "instances": [
        {
          "index_key": 0,
          "schema_version": 0,
          "attributes": {
            "id": "automation",
            "metadata": [
              {
                "annotations": {},
                "generate_name": "",
                "generation": 0,
                "labels": {},
                "name": "automation",
                "resource_version": "3107214",
                "self_link": "",
                "uid": "93810328-5fce-4241-98fc-62843743762b"
              }
            ],
            "timeouts": null
          },
          "sensitive_attributes": [],
          "private": "eyJlMmJmYjczMC1lY2FhLTExZTYtOGY4OC0zNDM2M2JjN2M0YzAiOnsiZGVsZXRlIjozMDAwMDAwMDAwMDB9fQ=="
        }
      ]
    },
    {
      "mode": "managed",
      "type": "kubernetes_namespace",
      "name": "hxcsi",
      "provider": "provider[\"registry.terraform.io/hashicorp/kubernetes\"]",
      "instances": [
        {
          "index_key": 0,
          "schema_version": 0,
          "attributes": {
            "id": "hx",
            "metadata": [
              {
                "annotations": {},
                "generate_name": "",
                "generation": 0,
                "labels": {},
                "name": "hx",
                "resource_version": "3107213",
                "self_link": "",
                "uid": "5dbc745c-a17c-42d6-a2e2-6da326ca6d55"
              }
            ],
            "timeouts": null
          },
          "sensitive_attributes": [],
          "private": "eyJlMmJmYjczMC1lY2FhLTExZTYtOGY4OC0zNDM2M2JjN2M0YzAiOnsiZGVsZXRlIjozMDAwMDAwMDAwMDB9fQ=="
        }
      ]
    },
    {
      "mode": "managed",
      "type": "kubernetes_namespace",
      "name": "iwo",
      "provider": "provider[\"registry.terraform.io/hashicorp/kubernetes\"]",
      "instances": [
        {
          "index_key": 0,
          "schema_version": 0,
          "attributes": {
            "id": "iwo",
            "metadata": [
              {
                "annotations": {},
                "generate_name": "",
                "generation": 0,
                "labels": {},
                "name": "iwo",
                "resource_version": "3107212",
                "self_link": "",
                "uid": "c539565d-bae6-496a-91a0-0faddb4ea8b0"
              }
            ],
            "timeouts": null
          },
          "sensitive_attributes": [],
          "private": "eyJlMmJmYjczMC1lY2FhLTExZTYtOGY4OC0zNDM2M2JjN2M0YzAiOnsiZGVsZXRlIjozMDAwMDAwMDAwMDB9fQ=="
        }
      ]
    },
    {
      "mode": "managed",
      "type": "kubernetes_namespace",
      "name": "observability",
      "provider": "provider[\"registry.terraform.io/hashicorp/kubernetes\"]",
      "instances": [
        {
          "index_key": 0,
          "schema_version": 0,
          "attributes": {
            "id": "observability",
            "metadata": [
              {
                "annotations": {},
                "generate_name": "",
                "generation": 0,
                "labels": {},
                "name": "observability",
                "resource_version": "3107207",
                "self_link": "",
                "uid": "12d81129-d670-4198-998e-c84e00a0fef1"
              }
            ],
            "timeouts": null
          },
          "sensitive_attributes": [],
          "private": "eyJlMmJmYjczMC1lY2FhLTExZTYtOGY4OC0zNDM2M2JjN2M0YzAiOnsiZGVsZXRlIjozMDAwMDAwMDAwMDB9fQ=="
        }
      ]
    },
    {
      "mode": "managed",
      "type": "kubernetes_namespace",
      "name": "stealthwatch",
      "provider": "provider[\"registry.terraform.io/hashicorp/kubernetes\"]",
      "instances": [
        {
          "index_key": 0,
          "schema_version": 0,
          "attributes": {
            "id": "swc",
            "metadata": [
              {
                "annotations": {},
                "generate_name": "",
                "generation": 0,
                "labels": {},
                "name": "swc",
                "resource_version": "3107209",
                "self_link": "",
                "uid": "a4005297-1484-4c08-a05e-5a58780d0bf1"
              }
            ],
            "timeouts": null
          },
          "sensitive_attributes": [],
          "private": "eyJlMmJmYjczMC1lY2FhLTExZTYtOGY4OC0zNDM2M2JjN2M0YzAiOnsiZGVsZXRlIjozMDAwMDAwMDAwMDB9fQ=="
        }
      ]
    },
    {
      "mode": "managed",
      "type": "kubernetes_namespace",
      "name": "trafficgen",
      "provider": "provider[\"registry.terraform.io/hashicorp/kubernetes\"]",
      "instances": [
        {
          "index_key": 0,
          "schema_version": 0,
          "attributes": {
            "id": "trafficgen",
            "metadata": [
              {
                "annotations": {},
                "generate_name": "",
                "generation": 0,
                "labels": {},
                "name": "trafficgen",
                "resource_version": "3107208",
                "self_link": "",
                "uid": "3826978d-6de1-4127-a55a-a82aae653a02"
              }
            ],
            "timeouts": null
          },
          "sensitive_attributes": [],
          "private": "eyJlMmJmYjczMC1lY2FhLTExZTYtOGY4OC0zNDM2M2JjN2M0YzAiOnsiZGVsZXRlIjozMDAwMDAwMDAwMDB9fQ=="
        }
      ]
    },
    {
      "mode": "managed",
      "type": "kubernetes_namespace",
      "name": "world",
      "provider": "provider[\"registry.terraform.io/hashicorp/kubernetes\"]",
      "instances": [
        {
          "index_key": 0,
          "schema_version": 0,
          "attributes": {
            "id": "world",
            "metadata": [
              {
                "annotations": {},
                "generate_name": "",
                "generation": 0,
                "labels": {},
                "name": "world",
                "resource_version": "3107215",
                "self_link": "",
                "uid": "a9ccd9d6-7731-410e-9e0a-01be1c5c392d"
              }
            ],
            "timeouts": null
          },
          "sensitive_attributes": [],
          "private": "eyJlMmJmYjczMC1lY2FhLTExZTYtOGY4OC0zNDM2M2JjN2M0YzAiOnsiZGVsZXRlIjozMDAwMDAwMDAwMDB9fQ=="
        }
      ]
    },
    {
      "mode": "managed",
      "type": "kubernetes_resource_quota",
      "name": "clusterload-quota",
      "provider": "provider[\"registry.terraform.io/hashicorp/kubernetes\"]",
      "instances": [
        {
          "index_key": 0,
          "schema_version": 0,
          "attributes": {
            "id": "clusterload/clusterload-quota",
            "metadata": [
              {
                "annotations": {},
                "generate_name": "",
                "generation": 0,
                "labels": {},
                "name": "clusterload-quota",
                "namespace": "clusterload",
                "resource_version": "3107273",
                "self_link": "",
                "uid": "1691070e-e372-431c-87c1-a606061eb36b"
              }
            ],
            "spec": [
              {
                "hard": {
                  "limits.cpu": "4",
                  "limits.memory": "32Gi",
                  "pods": "20",
                  "requests.cpu": "2",
                  "requests.memory": "16Gi"
                },
                "scopes": []
              }
            ],
            "timeouts": null
          },
          "sensitive_attributes": [],
          "private": "eyJlMmJmYjczMC1lY2FhLTExZTYtOGY4OC0zNDM2M2JjN2M0YzAiOnsiY3JlYXRlIjo2MDAwMDAwMDAwMCwidXBkYXRlIjo2MDAwMDAwMDAwMH19",
          "dependencies": [
            "kubernetes_namespace.clusterload"
          ]
        }
      ]
    },
    {
      "mode": "managed",
      "type": "kubernetes_service_account",
      "name": "iwo-user",
      "provider": "provider[\"registry.terraform.io/hashicorp/kubernetes\"]",
      "instances": [
        {
          "index_key": 0,
          "schema_version": 0,
          "attributes": {
            "automount_service_account_token": true,
            "default_secret_name": "iwo-user-token-42b24",
            "id": "iwo/iwo-user",
            "image_pull_secret": [],
            "metadata": [
              {
                "annotations": {},
                "generate_name": "",
                "generation": 0,
                "labels": {},
                "name": "iwo-user",
                "namespace": "iwo",
                "resource_version": "3107255",
                "self_link": "",
                "uid": "15754d35-9264-43e3-8cf7-57b2a1f599da"
              }
            ],
            "secret": [],
            "timeouts": null
          },
          "sensitive_attributes": [],
          "private": "eyJlMmJmYjczMC1lY2FhLTExZTYtOGY4OC0zNDM2M2JjN2M0YzAiOnsiY3JlYXRlIjozMDAwMDAwMDAwMH19",
          "dependencies": [
            "kubernetes_namespace.iwo"
          ]
        }
      ]
    }
  ]
}
